
Microsoft Visual Studio Solution File, Format Version 12.00
# Visual Studio 15
VisualStudioVersion = 15.0.28307.168
MinimumVisualStudioVersion = 10.0.40219.1
Project("{FAE04EC0-301F-11D3-BF4B-00C04F79EFBC}") = "DotnetForDocker", "DotnetForDocker\DotnetForDocker.csproj", "{0EC1D007-5EF3-4173-B1A8-A07D6B52661A}"
EndProject
Project("{FAE04EC0-301F-11D3-BF4B-00C04F79EFBC}") = "ClassLibrary1", "ClassLibrary1\ClassLibrary1.csproj", "{7266DE5D-FA62-489D-A3BE-6D69C7DE25D1}"
EndProject
Project("{FAE04EC0-301F-11D3-BF4B-00C04F79EFBC}") = "ClassLibrary2", "ClassLibrary2\ClassLibrary2.csproj", "{7DCB4A09-21C2-4101-B79B-5D5DDE3733CD}"
EndProject
Global
	GlobalSection(SolutionConfigurationPlatforms) = preSolution
		Debug|Any CPU = Debug|Any CPU
		Release|Any CPU = Release|Any CPU
	EndGlobalSection
	GlobalSection(ProjectConfigurationPlatforms) = postSolution
		{0EC1D007-5EF3-4173-B1A8-A07D6B52661A}.Debug|Any CPU.ActiveCfg = Debug|Any CPU
		{0EC1D007-5EF3-4173-B1A8-A07D6B52661A}.Debug|Any CPU.Build.0 = Debug|Any CPU
		{0EC1D007-5EF3-4173-B1A8-A07D6B52661A}.Release|Any CPU.ActiveCfg = Release|Any CPU
		{0EC1D007-5EF3-4173-B1A8-A07D6B52661A}.Release|Any CPU.Build.0 = Release|Any CPU
		{7266DE5D-FA62-489D-A3BE-6D69C7DE25D1}.Debug|Any CPU.ActiveCfg = Debug|Any CPU
		{7266DE5D-FA62-489D-A3BE-6D69C7DE25D1}.Debug|Any CPU.Build.0 = Debug|Any CPU
		{7266DE5D-FA62-489D-A3BE-6D69C7DE25D1}.Release|Any CPU.ActiveCfg = Release|Any CPU
		{7266DE5D-FA62-489D-A3BE-6D69C7DE25D1}.Release|Any CPU.Build.0 = Release|Any CPU
		{7DCB4A09-21C2-4101-B79B-5D5DDE3733CD}.Debug|Any CPU.ActiveCfg = Debug|Any CPU
		{7DCB4A09-21C2-4101-B79B-5D5DDE3733CD}.Debug|Any CPU.Build.0 = Debug|Any CPU
		{7DCB4A09-21C2-4101-B79B-5D5DDE3733CD}.Release|Any CPU.ActiveCfg = Release|Any CPU
		{7DCB4A09-21C2-4101-B79B-5D5DDE3733CD}.Release|Any CPU.Build.0 = Release|Any CPU
	EndGlobalSection
	GlobalSection(SolutionProperties) = preSolution
		HideSolutionNode = FALSE
	EndGlobalSection
	GlobalSection(ExtensibilityGlobals) = postSolution
		SolutionGuid = {F4C5F743-FBF3-4F82-87D1-89160762D7C2}
	EndGlobalSection
EndGlobal
